// !$*UTF8*$!
{
	archiveVersion = 1;
	classes = {
	};
	objectVersion = 56;
	objects = {

/* Begin PBXBuildFile section */
		00E133722BC869CB00684837 /* OnBoardingApp.swift in Sources */ = {isa = PBXBuildFile; fileRef = 00E133712BC869CB00684837 /* OnBoardingApp.swift */; };
		00E133742BC869CB00684837 /* ContentView.swift in Sources */ = {isa = PBXBuildFile; fileRef = 00E133732BC869CB00684837 /* ContentView.swift */; };
		00E133762BC869CC00684837 /* Assets.xcassets in Resources */ = {isa = PBXBuildFile; fileRef = 00E133752BC869CC00684837 /* Assets.xcassets */; };
		00E133792BC869CC00684837 /* Preview Assets.xcassets in Resources */ = {isa = PBXBuildFile; fileRef = 00E133782BC869CC00684837 /* Preview Assets.xcassets */; };
		00E133832BC869CC00684837 /* OnBoardingTests.swift in Sources */ = {isa = PBXBuildFile; fileRef = 00E133822BC869CC00684837 /* OnBoardingTests.swift */; };
		00E1338D2BC869CC00684837 /* OnBoardingUITests.swift in Sources */ = {isa = PBXBuildFile; fileRef = 00E1338C2BC869CC00684837 /* OnBoardingUITests.swift */; };
		00E1338F2BC869CC00684837 /* OnBoardingUITestsLaunchTests.swift in Sources */ = {isa = PBXBuildFile; fileRef = 00E1338E2BC869CC00684837 /* OnBoardingUITestsLaunchTests.swift */; };
		00E1339E2BC86B1E00684837 /* WelcomePage.swift in Sources */ = {isa = PBXBuildFile; fileRef = 00E1339D2BC86B1E00684837 /* WelcomePage.swift */; };
		00E133A02BC873E500684837 /* FeaturesPage.swift in Sources */ = {isa = PBXBuildFile; fileRef = 00E1339F2BC873E500684837 /* FeaturesPage.swift */; };
		00E133A22BC8744D00684837 /* FeatureCard.swift in Sources */ = {isa = PBXBuildFile; fileRef = 00E133A12BC8744D00684837 /* FeatureCard.swift */; };
/* End PBXBuildFile section */

/* Begin PBXContainerItemProxy section */
		00E1337F2BC869CC00684837 /* PBXContainerItemProxy */ = {
			isa = PBXContainerItemProxy;
			containerPortal = 00E133662BC869CB00684837 /* Project object */;
			proxyType = 1;
			remoteGlobalIDString = 00E1336D2BC869CB00684837;
			remoteInfo = OnBoarding;
		};
		00E133892BC869CC00684837 /* PBXContainerItemProxy */ = {
			isa = PBXContainerItemProxy;
			containerPortal = 00E133662BC869CB00684837 /* Project object */;
			proxyType = 1;
			remoteGlobalIDString = 00E1336D2BC869CB00684837;
			remoteInfo = OnBoarding;
		};
/* End PBXContainerItemProxy section */

/* Begin PBXFileReference section */
		00E1336E2BC869CB00684837 /* OnBoarding.app */ = {isa = PBXFileReference; explicitFileType = wrapper.application; includeInIndex = 0; path = OnBoarding.app; sourceTree = BUILT_PRODUCTS_DIR; };
		00E133712BC869CB00684837 /* OnBoardingApp.swift */ = {isa = PBXFileReference; lastKnownFileType = sourcecode.swift; path = OnBoardingApp.swift; sourceTree = "<group>"; };
		00E133732BC869CB00684837 /* ContentView.swift */ = {isa = PBXFileReference; lastKnownFileType = sourcecode.swift; path = ContentView.swift; sourceTree = "<group>"; };
		00E133752BC869CC00684837 /* Assets.xcassets */ = {isa = PBXFileReference; lastKnownFileType = folder.assetcatalog; path = Assets.xcassets; sourceTree = "<group>"; };
		00E133782BC869CC00684837 /* Preview Assets.xcassets */ = {isa = PBXFileReference; lastKnownFileType = folder.assetcatalog; path = "Preview Assets.xcassets"; sourceTree = "<group>"; };
		00E1337E2BC869CC00684837 /* OnBoardingTests.xctest */ = {isa = PBXFileReference; explicitFileType = wrapper.cfbundle; includeInIndex = 0; path = OnBoardingTests.xctest; sourceTree = BUILT_PRODUCTS_DIR; };
		00E133822BC869CC00684837 /* OnBoardingTests.swift */ = {isa = PBXFileReference; lastKnownFileType = sourcecode.swift; path = OnBoardingTests.swift; sourceTree = "<group>"; };
		00E133882BC869CC00684837 /* OnBoardingUITests.xctest */ = {isa = PBXFileReference; explicitFileType = wrapper.cfbundle; includeInIndex = 0; path = OnBoardingUITests.xctest; sourceTree = BUILT_PRODUCTS_DIR; };
		00E1338C2BC869CC00684837 /* OnBoardingUITests.swift */ = {isa = PBXFileReference; lastKnownFileType = sourcecode.swift; path = OnBoardingUITests.swift; sourceTree = "<group>"; };
		00E1338E2BC869CC00684837 /* OnBoardingUITestsLaunchTests.swift */ = {isa = PBXFileReference; lastKnownFileType = sourcecode.swift; path = OnBoardingUITestsLaunchTests.swift; sourceTree = "<group>"; };
		00E1339D2BC86B1E00684837 /* WelcomePage.swift */ = {isa = PBXFileReference; lastKnownFileType = sourcecode.swift; path = WelcomePage.swift; sourceTree = "<group>"; };
		00E1339F2BC873E500684837 /* FeaturesPage.swift */ = {isa = PBXFileReference; lastKnownFileType = sourcecode.swift; path = FeaturesPage.swift; sourceTree = "<group>"; };
		00E133A12BC8744D00684837 /* FeatureCard.swift */ = {isa = PBXFileReference; lastKnownFileType = sourcecode.swift; path = FeatureCard.swift; sourceTree = "<group>"; };
/* End PBXFileReference section */

/* Begin PBXFrameworksBuildPhase section */
		00E1336B2BC869CB00684837 /* Frameworks */ = {
			isa = PBXFrameworksBuildPhase;
			buildActionMask = 2147483647;
			files = (
			);
			runOnlyForDeploymentPostprocessing = 0;
		};
		00E1337B2BC869CC00684837 /* Frameworks */ = {
			isa = PBXFrameworksBuildPhase;
			buildActionMask = 2147483647;
			files = (
			);
			runOnlyForDeploymentPostprocessing = 0;
		};
		00E133852BC869CC00684837 /* Frameworks */ = {
			isa = PBXFrameworksBuildPhase;
			buildActionMask = 2147483647;
			files = (
			);
			runOnlyForDeploymentPostprocessing = 0;
		};
/* End PBXFrameworksBuildPhase section */

/* Begin PBXGroup section */
		00E133652BC869CB00684837 = {
			isa = PBXGroup;
			children = (
				00E1339D2BC86B1E00684837 /* WelcomePage.swift */,
				00E1339F2BC873E500684837 /* FeaturesPage.swift */,
				00E133A12BC8744D00684837 /* FeatureCard.swift */,
				00E133702BC869CB00684837 /* OnBoarding */,
				00E133812BC869CC00684837 /* OnBoardingTests */,
				00E1338B2BC869CC00684837 /* OnBoardingUITests */,
				00E1336F2BC869CB00684837 /* Products */,
			);
			sourceTree = "<group>";
		};
		00E1336F2BC869CB00684837 /* Products */ = {
			isa = PBXGroup;
			children = (
				00E1336E2BC869CB00684837 /* OnBoarding.app */,
				00E1337E2BC869CC00684837 /* OnBoardingTests.xctest */,
				00E133882BC869CC00684837 /* OnBoardingUITests.xctest */,
			);
			name = Products;
			sourceTree = "<group>";
		};
		00E133702BC869CB00684837 /* OnBoarding */ = {
			isa = PBXGroup;
			children = (
				00E133712BC869CB00684837 /* OnBoardingApp.swift */,
				00E133732BC869CB00684837 /* ContentView.swift */,
				00E133752BC869CC00684837 /* Assets.xcassets */,
				00E133772BC869CC00684837 /* Preview Content */,
			);
			path = OnBoarding;
			sourceTree = "<group>";
		};
		00E133772BC869CC00684837 /* Preview Content */ = {
			isa = PBXGroup;
			children = (
				00E133782BC869CC00684837 /* Preview Assets.xcassets */,
			);
			path = "Preview Content";
			sourceTree = "<group>";
		};
		00E133812BC869CC00684837 /* OnBoardingTests */ = {
			isa = PBXGroup;
			children = (
				00E133822BC869CC00684837 /* OnBoardingTests.swift */,
			);
			path = OnBoardingTests;
			sourceTree = "<group>";
		};
		00E1338B2BC869CC00684837 /* OnBoardingUITests */ = {
			isa = PBXGroup;
			children = (
				00E1338C2BC869CC00684837 /* OnBoardingUITests.swift */,
				00E1338E2BC869CC00684837 /* OnBoardingUITestsLaunchTests.swift */,
			);
			path = OnBoardingUITests;
			sourceTree = "<group>";
		};
/* End PBXGroup section */

/* Begin PBXNativeTarget section */
		00E1336D2BC869CB00684837 /* OnBoarding */ = {
			isa = PBXNativeTarget;
			buildConfigurationList = 00E133922BC869CC00684837 /* Build configuration list for PBXNativeTarget "OnBoarding" */;
			buildPhases = (
				00E1336A2BC869CB00684837 /* Sources */,
				00E1336B2BC869CB00684837 /* Frameworks */,
				00E1336C2BC869CB00684837 /* Resources */,
			);
			buildRules = (
			);
			dependencies = (
			);
			name = OnBoarding;
			productName = OnBoarding;
			productReference = 00E1336E2BC869CB00684837 /* OnBoarding.app */;
			productType = "com.apple.product-type.application";
		};
		00E1337D2BC869CC00684837 /* OnBoardingTests */ = {
			isa = PBXNativeTarget;
			buildConfigurationList = 00E133952BC869CC00684837 /* Build configuration list for PBXNativeTarget "OnBoardingTests" */;
			buildPhases = (
				00E1337A2BC869CC00684837 /* Sources */,
				00E1337B2BC869CC00684837 /* Frameworks */,
				00E1337C2BC869CC00684837 /* Resources */,
			);
			buildRules = (
			);
			dependencies = (
				00E133802BC869CC00684837 /* PBXTargetDependency */,
			);
			name = OnBoardingTests;
			productName = OnBoardingTests;
			productReference = 00E1337E2BC869CC00684837 /* OnBoardingTests.xctest */;
			productType = "com.apple.product-type.bundle.unit-test";
		};
		00E133872BC869CC00684837 /* OnBoardingUITests */ = {
			isa = PBXNativeTarget;
			buildConfigurationList = 00E133982BC869CC00684837 /* Build configuration list for PBXNativeTarget "OnBoardingUITests" */;
			buildPhases = (
				00E133842BC869CC00684837 /* Sources */,
				00E133852BC869CC00684837 /* Frameworks */,
				00E133862BC869CC00684837 /* Resources */,
			);
			buildRules = (
			);
			dependencies = (
				00E1338A2BC869CC00684837 /* PBXTargetDependency */,
			);
			name = OnBoardingUITests;
			productName = OnBoardingUITests;
			productReference = 00E133882BC869CC00684837 /* OnBoardingUITests.xctest */;
			productType = "com.apple.product-type.bundle.ui-testing";
		};
/* End PBXNativeTarget section */

/* Begin PBXProject section */
		00E133662BC869CB00684837 /* Project object */ = {
			isa = PBXProject;
			attributes = {
				BuildIndependentTargetsInParallel = 1;
				LastSwiftUpdateCheck = 1530;
				LastUpgradeCheck = 1530;
				TargetAttributes = {
					00E1336D2BC869CB00684837 = {
						CreatedOnToolsVersion = 15.3;
					};
					00E1337D2BC869CC00684837 = {
						CreatedOnToolsVersion = 15.3;
						TestTargetID = 00E1336D2BC869CB00684837;
					};
					00E133872BC869CC00684837 = {
						CreatedOnToolsVersion = 15.3;
						TestTargetID = 00E1336D2BC869CB00684837;
					};
				};
			};
			buildConfigurationList = 00E133692BC869CB00684837 /* Build configuration list for PBXProject "OnBoarding" */;
			compatibilityVersion = "Xcode 14.0";
			developmentRegion = en;
			hasScannedForEncodings = 0;
			knownRegions = (
				en,
				Base,
			);
			mainGroup = 00E133652BC869CB00684837;
			productRefGroup = 00E1336F2BC869CB00684837 /* Products */;
			projectDirPath = "";
			projectRoot = "";
			targets = (
				00E1336D2BC869CB00684837 /* OnBoarding */,
				00E1337D2BC869CC00684837 /* OnBoardingTests */,
				00E133872BC869CC00684837 /* OnBoardingUITests */,
			);
		};
/* End PBXProject section */

/* Begin PBXResourcesBuildPhase section */
		00E1336C2BC869CB00684837 /* Resources */ = {
			isa = PBXResourcesBuildPhase;
			buildActionMask = 2147483647;
			files = (
				00E133792BC869CC00684837 /* Preview Assets.xcassets in Resources */,
				00E133762BC869CC00684837 /* Assets.xcassets in Resources */,
			);
			runOnlyForDeploymentPostprocessing = 0;
		};
		00E1337C2BC869CC00684837 /* Resources */ = {
			isa = PBXResourcesBuildPhase;
			buildActionMask = 2147483647;
			files = (
			);
			runOnlyForDeploymentPostprocessing = 0;
		};
		00E133862BC869CC00684837 /* Resources */ = {
			isa = PBXResourcesBuildPhase;
			buildActionMask = 2147483647;
			files = (
			);
			runOnlyForDeploymentPostprocessing = 0;
		};
/* End PBXResourcesBuildPhase section */

/* Begin PBXSourcesBuildPhase section */
		00E1336A2BC869CB00684837 /* Sources */ = {
			isa = PBXSourcesBuildPhase;
			buildActionMask = 2147483647;
			files = (
				00E1339E2BC86B1E00684837 /* WelcomePage.swift in Sources */,
				00E133A02BC873E500684837 /* FeaturesPage.swift in Sources */,
				00E133742BC869CB00684837 /* ContentView.swift in Sources */,
				00E133722BC869CB00684837 /* OnBoardingApp.swift in Sources */,
				00E133A22BC8744D00684837 /* FeatureCard.swift in Sources */,
			);
			runOnlyForDeploymentPostprocessing = 0;
		};
		00E1337A2BC869CC00684837 /* Sources */ = {
			isa = PBXSourcesBuildPhase;
			buildActionMask = 2147483647;
			files = (
				00E133832BC869CC00684837 /* OnBoardingTests.swift in Sources */,
			);
			runOnlyForDeploymentPostprocessing = 0;
		};
		00E133842BC869CC00684837 /* Sources */ = {
			isa = PBXSourcesBuildPhase;
			buildActionMask = 2147483647;
			files = (
				00E1338D2BC869CC00684837 /* OnBoardingUITests.swift in Sources */,
				00E1338F2BC869CC00684837 /* OnBoardingUITestsLaunchTests.swift in Sources */,
			);
			runOnlyForDeploymentPostprocessing = 0;
		};
/* End PBXSourcesBuildPhase section */

/* Begin PBXTargetDependency section */
		00E133802BC869CC00684837 /* PBXTargetDependency */ = {
			isa = PBXTargetDependency;
			target = 00E1336D2BC869CB00684837 /* OnBoarding */;
			targetProxy = 00E1337F2BC869CC00684837 /* PBXContainerItemProxy */;
		};
		00E1338A2BC869CC00684837 /* PBXTargetDependency */ = {
			isa = PBXTargetDependency;
			target = 00E1336D2BC869CB00684837 /* OnBoarding */;
			targetProxy = 00E133892BC869CC00684837 /* PBXContainerItemProxy */;
		};
/* End PBXTargetDependency section */

/* Begin XCBuildConfiguration section */
		00E133902BC869CC00684837 /* Debug */ = {
			isa = XCBuildConfiguration;
			buildSettings = {
				ALWAYS_SEARCH_USER_PATHS = NO;
				ASSETCATALOG_COMPILER_GENERATE_SWIFT_ASSET_SYMBOL_EXTENSIONS = YES;
				CLANG_ANALYZER_NONNULL = YES;
				CLANG_ANALYZER_NUMBER_OBJECT_CONVERSION = YES_AGGRESSIVE;
				CLANG_CXX_LANGUAGE_STANDARD = "gnu++20";
				CLANG_ENABLE_MODULES = YES;
				CLANG_ENABLE_OBJC_ARC = YES;
				CLANG_ENABLE_OBJC_WEAK = YES;
				CLANG_WARN_BLOCK_CAPTURE_AUTORELEASING = YES;
				CLANG_WARN_BOOL_CONVERSION = YES;
				CLANG_WARN_COMMA = YES;
				CLANG_WARN_CONSTANT_CONVERSION = YES;
				CLANG_WARN_DEPRECATED_OBJC_IMPLEMENTATIONS = YES;
				CLANG_WARN_DIRECT_OBJC_ISA_USAGE = YES_ERROR;
				CLANG_WARN_DOCUMENTATION_COMMENTS = YES;
				CLANG_WARN_EMPTY_BODY = YES;
				CLANG_WARN_ENUM_CONVERSION = YES;
				CLANG_WARN_INFINITE_RECURSION = YES;
				CLANG_WARN_INT_CONVERSION = YES;
				CLANG_WARN_NON_LITERAL_NULL_CONVERSION = YES;
				CLANG_WARN_OBJC_IMPLICIT_RETAIN_SELF = YES;
				CLANG_WARN_OBJC_LITERAL_CONVERSION = YES;
				CLANG_WARN_OBJC_ROOT_CLASS = YES_ERROR;
				CLANG_WARN_QUOTED_INCLUDE_IN_FRAMEWORK_HEADER = YES;
				CLANG_WARN_RANGE_LOOP_ANALYSIS = YES;
				CLANG_WARN_STRICT_PROTOTYPES = YES;
				CLANG_WARN_SUSPICIOUS_MOVE = YES;
				CLANG_WARN_UNGUARDED_AVAILABILITY = YES_AGGRESSIVE;
				CLANG_WARN_UNREACHABLE_CODE = YES;
				CLANG_WARN__DUPLICATE_METHOD_MATCH = YES;
				COPY_PHASE_STRIP = NO;
				DEBUG_INFORMATION_FORMAT = dwarf;
				ENABLE_STRICT_OBJC_MSGSEND = YES;
				ENABLE_TESTABILITY = YES;
				ENABLE_USER_SCRIPT_SANDBOXING = YES;
				GCC_C_LANGUAGE_STANDARD = gnu17;
				GCC_DYNAMIC_NO_PIC = NO;
				GCC_NO_COMMON_BLOCKS = YES;
				GCC_OPTIMIZATION_LEVEL = 0;
				GCC_PREPROCESSOR_DEFINITIONS = (
					"DEBUG=1",
					"$(inherited)",
				);
				GCC_WARN_64_TO_32_BIT_CONVERSION = YES;
				GCC_WARN_ABOUT_RETURN_TYPE = YES_ERROR;
				GCC_WARN_UNDECLARED_SELECTOR = YES;
				GCC_WARN_UNINITIALIZED_AUTOS = YES_AGGRESSIVE;
				GCC_WARN_UNUSED_FUNCTION = YES;
				GCC_WARN_UNUSED_VARIABLE = YES;
				IPHONEOS_DEPLOYMENT_TARGET = 17.4;
				LOCALIZATION_PREFERS_STRING_CATALOGS = YES;
				MTL_ENABLE_DEBUG_INFO = INCLUDE_SOURCE;
				MTL_FAST_MATH = YES;
				ONLY_ACTIVE_ARCH = YES;
				SDKROOT = iphoneos;
				SWIFT_ACTIVE_COMPILATION_CONDITIONS = "DEBUG $(inherited)";
				SWIFT_OPTIMIZATION_LEVEL = "-Onone";
			};
			name = Debug;
		};
		00E133912BC869CC00684837 /* Release */ = {
			isa = XCBuildConfiguration;
			buildSettings = {
				ALWAYS_SEARCH_USER_PATHS = NO;
				ASSETCATALOG_COMPILER_GENERATE_SWIFT_ASSET_SYMBOL_EXTENSIONS = YES;
				CLANG_ANALYZER_NONNULL = YES;
				CLANG_ANALYZER_NUMBER_OBJECT_CONVERSION = YES_AGGRESSIVE;
				CLANG_CXX_LANGUAGE_STANDARD = "gnu++20";
				CLANG_ENABLE_MODULES = YES;
				CLANG_ENABLE_OBJC_ARC = YES;
				CLANG_ENABLE_OBJC_WEAK = YES;
				CLANG_WARN_BLOCK_CAPTURE_AUTORELEASING = YES;
				CLANG_WARN_BOOL_CONVERSION = YES;
				CLANG_WARN_COMMA = YES;
				CLANG_WARN_CONSTANT_CONVERSION = YES;
				CLANG_WARN_DEPRECATED_OBJC_IMPLEMENTATIONS = YES;
				CLANG_WARN_DIRECT_OBJC_ISA_USAGE = YES_ERROR;
				CLANG_WARN_DOCUMENTATION_COMMENTS = YES;
				CLANG_WARN_EMPTY_BODY = YES;
				CLANG_WARN_ENUM_CONVERSION = YES;
				CLANG_WARN_INFINITE_RECURSION = YES;
				CLANG_WARN_INT_CONVERSION = YES;
				CLANG_WARN_NON_LITERAL_NULL_CONVERSION = YES;
				CLANG_WARN_OBJC_IMPLICIT_RETAIN_SELF = YES;
				CLANG_WARN_OBJC_LITERAL_CONVERSION = YES;
				CLANG_WARN_OBJC_ROOT_CLASS = YES_ERROR;
				CLANG_WARN_QUOTED_INCLUDE_IN_FRAMEWORK_HEADER = YES;
				CLANG_WARN_RANGE_LOOP_ANALYSIS = YES;
				CLANG_WARN_STRICT_PROTOTYPES = YES;
				CLANG_WARN_SUSPICIOUS_MOVE = YES;
				CLANG_WARN_UNGUARDED_AVAILABILITY = YES_AGGRESSIVE;
				CLANG_WARN_UNREACHABLE_CODE = YES;
				CLANG_WARN__DUPLICATE_METHOD_MATCH = YES;
				COPY_PHASE_STRIP = NO;
				DEBUG_INFORMATION_FORMAT = "dwarf-with-dsym";
				ENABLE_NS_ASSERTIONS = NO;
				ENABLE_STRICT_OBJC_MSGSEND = YES;
				ENABLE_USER_SCRIPT_SANDBOXING = YES;
				GCC_C_LANGUAGE_STANDARD = gnu17;
				GCC_NO_COMMON_BLOCKS = YES;
				GCC_WARN_64_TO_32_BIT_CONVERSION = YES;
				GCC_WARN_ABOUT_RETURN_TYPE = YES_ERROR;
				GCC_WARN_UNDECLARED_SELECTOR = YES;
				GCC_WARN_UNINITIALIZED_AUTOS = YES_AGGRESSIVE;
				GCC_WARN_UNUSED_FUNCTION = YES;
				GCC_WARN_UNUSED_VARIABLE = YES;
				IPHONEOS_DEPLOYMENT_TARGET = 17.4;
				LOCALIZATION_PREFERS_STRING_CATALOGS = YES;
				MTL_ENABLE_DEBUG_INFO = NO;
				MTL_FAST_MATH = YES;
				SDKROOT = iphoneos;
				SWIFT_COMPILATION_MODE = wholemodule;
				VALIDATE_PRODUCT = YES;
			};
			name = Release;
		};
		00E133932BC869CC00684837 /* Debug */ = {
			isa = XCBuildConfiguration;
			buildSettings = {
				ASSETCATALOG_COMPILER_APPICON_NAME = AppIcon;
				ASSETCATALOG_COMPILER_GLOBAL_ACCENT_COLOR_NAME = AccentColor;
				CODE_SIGN_STYLE = Automatic;
				CURRENT_PROJECT_VERSION = 1;
				DEVELOPMENT_ASSET_PATHS = "\"OnBoarding/Preview Content\"";
				DEVELOPMENT_TEAM = 4D86239DJ7;
				ENABLE_PREVIEWS = YES;
				GENERATE_INFOPLIST_FILE = YES;
				INFOPLIST_KEY_UIApplicationSceneManifest_Generation = YES;
				INFOPLIST_KEY_UIApplicationSupportsIndirectInputEvents = YES;
				INFOPLIST_KEY_UILaunchScreen_Generation = YES;
				INFOPLIST_KEY_UISupportedInterfaceOrientations_iPad = "UIInterfaceOrientationPortrait UIInterfaceOrientationPortraitUpsideDown UIInterfaceOrientationLandscapeLeft UIInterfaceOrientationLandscapeRight";
				INFOPLIST_KEY_UISupportedInterfaceOrientations_iPhone = "UIInterfaceOrientationPortrait UIInterfaceOrientationLandscapeLeft UIInterfaceOrientationLandscapeRight";
				LD_RUNPATH_SEARCH_PATHS = (
					"$(inherited)",
					"@executable_path/Frameworks",
				);
				MARKETING_VERSION = 1.0;
				PRODUCT_BUNDLE_IDENTIFIER = xyz.everythingthairu.OnBoarding;
				PRODUCT_NAME = "$(TARGET_NAME)";
				SWIFT_EMIT_LOC_STRINGS = YES;
				SWIFT_VERSION = 5.0;
				TARGETED_DEVICE_FAMILY = "1,2";
			};
			name = Debug;
		};
		00E133942BC869CC00684837 /* Release */ = {
			isa = XCBuildConfiguration;
			buildSettings = {
				ASSETCATALOG_COMPILER_APPICON_NAME = AppIcon;
				ASSETCATALOG_COMPILER_GLOBAL_ACCENT_COLOR_NAME = AccentColor;
				CODE_SIGN_STYLE = Automatic;
				CURRENT_PROJECT_VERSION = 1;
				DEVELOPMENT_ASSET_PATHS = "\"OnBoarding/Preview Content\"";
				DEVELOPMENT_TEAM = 4D86239DJ7;
				ENABLE_PREVIEWS = YES;
				GENERATE_INFOPLIST_FILE = YES;
				INFOPLIST_KEY_UIApplicationSceneManifest_Generation = YES;
				INFOPLIST_KEY_UIApplicationSupportsIndirectInputEvents = YES;
				INFOPLIST_KEY_UILaunchScreen_Generation = YES;
				INFOPLIST_KEY_UISupportedInterfaceOrientations_iPad = "UIInterfaceOrientationPortrait UIInterfaceOrientationPortraitUpsideDown UIInterfaceOrientationLandscapeLeft UIInterfaceOrientationLandscapeRight";
				INFOPLIST_KEY_UISupportedInterfaceOrientations_iPhone = "UIInterfaceOrientationPortrait UIInterfaceOrientationLandscapeLeft UIInterfaceOrientationLandscapeRight";
				LD_RUNPATH_SEARCH_PATHS = (
					"$(inherited)",
					"@executable_path/Frameworks",
				);
				MARKETING_VERSION = 1.0;
				PRODUCT_BUNDLE_IDENTIFIER = xyz.everythingthairu.OnBoarding;
				PRODUCT_NAME = "$(TARGET_NAME)";
				SWIFT_EMIT_LOC_STRINGS = YES;
				SWIFT_VERSION = 5.0;
				TARGETED_DEVICE_FAMILY = "1,2";
			};
			name = Release;
		};
		00E133962BC869CC00684837 /* Debug */ = {
			isa = XCBuildConfiguration;
			buildSettings = {
				ALWAYS_EMBED_SWIFT_STANDARD_LIBRARIES = YES;
				BUNDLE_LOADER = "$(TEST_HOST)";
				CODE_SIGN_STYLE = Automatic;
				CURRENT_PROJECT_VERSION = 1;
				DEVELOPMENT_TEAM = 4D86239DJ7;
				GENERATE_INFOPLIST_FILE = YES;
				IPHONEOS_DEPLOYMENT_TARGET = 17.4;
				MARKETING_VERSION = 1.0;
				PRODUCT_BUNDLE_IDENTIFIER = xyz.everythingthairu.OnBoardingTests;
				PRODUCT_NAME = "$(TARGET_NAME)";
				SWIFT_EMIT_LOC_STRINGS = NO;
				SWIFT_VERSION = 5.0;
				TARGETED_DEVICE_FAMILY = "1,2";
				TEST_HOST = "$(BUILT_PRODUCTS_DIR)/OnBoarding.app/$(BUNDLE_EXECUTABLE_FOLDER_PATH)/OnBoarding";
			};
			name = Debug;
		};
		00E133972BC869CC00684837 /* Release */ = {
			isa = XCBuildConfiguration;
			buildSettings = {
				ALWAYS_EMBED_SWIFT_STANDARD_LIBRARIES = YES;
				BUNDLE_LOADER = "$(TEST_HOST)";
				CODE_SIGN_STYLE = Automatic;
				CURRENT_PROJECT_VERSION = 1;
				DEVELOPMENT_TEAM = 4D86239DJ7;
				GENERATE_INFOPLIST_FILE = YES;
				IPHONEOS_DEPLOYMENT_TARGET = 17.4;
				MARKETING_VERSION = 1.0;
				PRODUCT_BUNDLE_IDENTIFIER = xyz.everythingthairu.OnBoardingTests;
				PRODUCT_NAME = "$(TARGET_NAME)";
				SWIFT_EMIT_LOC_STRINGS = NO;
				SWIFT_VERSION = 5.0;
				TARGETED_DEVICE_FAMILY = "1,2";
				TEST_HOST = "$(BUILT_PRODUCTS_DIR)/OnBoarding.app/$(BUNDLE_EXECUTABLE_FOLDER_PATH)/OnBoarding";
			};
			name = Release;
		};
		00E133992BC869CC00684837 /* Debug */ = {
			isa = XCBuildConfiguration;
			buildSettings = {
				ALWAYS_EMBED_SWIFT_STANDARD_LIBRARIES = YES;
				CODE_SIGN_STYLE = Automatic;
				CURRENT_PROJECT_VERSION = 1;
				DEVELOPMENT_TEAM = 4D86239DJ7;
				GENERATE_INFOPLIST_FILE = YES;
				MARKETING_VERSION = 1.0;
				PRODUCT_BUNDLE_IDENTIFIER = xyz.everythingthairu.OnBoardingUITests;
				PRODUCT_NAME = "$(TARGET_NAME)";
				SWIFT_EMIT_LOC_STRINGS = NO;
				SWIFT_VERSION = 5.0;
				TARGETED_DEVICE_FAMILY = "1,2";
				TEST_TARGET_NAME = OnBoarding;
			};
			name = Debug;
		};
		00E1339A2BC869CC00684837 /* Release */ = {
			isa = XCBuildConfiguration;
			buildSettings = {
				ALWAYS_EMBED_SWIFT_STANDARD_LIBRARIES = YES;
				CODE_SIGN_STYLE = Automatic;
				CURRENT_PROJECT_VERSION = 1;
				DEVELOPMENT_TEAM = 4D86239DJ7;
				GENERATE_INFOPLIST_FILE = YES;
				MARKETING_VERSION = 1.0;
				PRODUCT_BUNDLE_IDENTIFIER = xyz.everythingthairu.OnBoardingUITests;
				PRODUCT_NAME = "$(TARGET_NAME)";
				SWIFT_EMIT_LOC_STRINGS = NO;
				SWIFT_VERSION = 5.0;
				TARGETED_DEVICE_FAMILY = "1,2";
				TEST_TARGET_NAME = OnBoarding;
			};
			name = Release;
		};
/* End XCBuildConfiguration section */

/* Begin XCConfigurationList section */
		00E133692BC869CB00684837 /* Build configuration list for PBXProject "OnBoarding" */ = {
			isa = XCConfigurationList;
			buildConfigurations = (
				00E133902BC869CC00684837 /* Debug */,
				00E133912BC869CC00684837 /* Release */,
			);
			defaultConfigurationIsVisible = 0;
			defaultConfigurationName = Release;
		};
		00E133922BC869CC00684837 /* Build configuration list for PBXNativeTarget "OnBoarding" */ = {
			isa = XCConfigurationList;
			buildConfigurations = (
				00E133932BC869CC00684837 /* Debug */,
				00E133942BC869CC00684837 /* Release */,
			);
			defaultConfigurationIsVisible = 0;
			defaultConfigurationName = Release;
		};
		00E133952BC869CC00684837 /* Build configuration list for PBXNativeTarget "OnBoardingTests" */ = {
			isa = XCConfigurationList;
			buildConfigurations = (
				00E133962BC869CC00684837 /* Debug */,
				00E133972BC869CC00684837 /* Release */,
			);
			defaultConfigurationIsVisible = 0;
			defaultConfigurationName = Release;
		};
		00E133982BC869CC00684837 /* Build configuration list for PBXNativeTarget "OnBoardingUITests" */ = {
			isa = XCConfigurationList;
			buildConfigurations = (
				00E133992BC869CC00684837 /* Debug */,
				00E1339A2BC869CC00684837 /* Release */,
			);
			defaultConfigurationIsVisible = 0;
			defaultConfigurationName = Release;
		};
/* End XCConfigurationList section */
	};
	rootObject = 00E133662BC869CB00684837 /* Project object */;
}
